
Microsoft Visual Studio Solution File, Format Version 12.00
# Visual Studio Version 16
VisualStudioVersion = 16.0.29123.88
MinimumVisualStudioVersion = 10.0.40219.1
Project("{6EC3EE1D-3C4E-46DD-8F32-0CC8E7565705}") = "f-words", "f-words\f-words.fsproj", "{FFAB113A-0734-4861-AD0E-86FEA845E5F7}"
EndProject
Project("{6EC3EE1D-3C4E-46DD-8F32-0CC8E7565705}") = "tests", "tests\tests.fsproj", "{EB0EBAFC-A3BA-4DEA-9E02-227A329BB28A}"
EndProject
Global
	GlobalSection(SolutionConfigurationPlatforms) = preSolution
		Debug|Any CPU = Debug|Any CPU
		Release|Any CPU = Release|Any CPU
	EndGlobalSection
	GlobalSection(ProjectConfigurationPlatforms) = postSolution
		{FFAB113A-0734-4861-AD0E-86FEA845E5F7}.Debug|Any CPU.ActiveCfg = Debug|Any CPU
		{FFAB113A-0734-4861-AD0E-86FEA845E5F7}.Debug|Any CPU.Build.0 = Debug|Any CPU
		{FFAB113A-0734-4861-AD0E-86FEA845E5F7}.Release|Any CPU.ActiveCfg = Release|Any CPU
		{FFAB113A-0734-4861-AD0E-86FEA845E5F7}.Release|Any CPU.Build.0 = Release|Any CPU
		{EB0EBAFC-A3BA-4DEA-9E02-227A329BB28A}.Debug|Any CPU.ActiveCfg = Debug|Any CPU
		{EB0EBAFC-A3BA-4DEA-9E02-227A329BB28A}.Debug|Any CPU.Build.0 = Debug|Any CPU
		{EB0EBAFC-A3BA-4DEA-9E02-227A329BB28A}.Release|Any CPU.ActiveCfg = Release|Any CPU
		{EB0EBAFC-A3BA-4DEA-9E02-227A329BB28A}.Release|Any CPU.Build.0 = Release|Any CPU
	EndGlobalSection
	GlobalSection(SolutionProperties) = preSolution
		HideSolutionNode = FALSE
	EndGlobalSection
	GlobalSection(ExtensibilityGlobals) = postSolution
		SolutionGuid = {EE13C07B-D868-4E6D-A2DE-9E1F3A015165}
	EndGlobalSection
EndGlobal
