
Microsoft Visual Studio Solution File, Format Version 12.00
# Visual Studio 15
VisualStudioVersion = 15.0.28307.329
MinimumVisualStudioVersion = 10.0.40219.1
Project("{F2A71F9B-5D33-465A-A702-920D77279786}") = "f-words", "f-words\f-words.fsproj", "{FFAB113A-0734-4861-AD0E-86FEA845E5F7}"
EndProject
Global
	GlobalSection(SolutionConfigurationPlatforms) = preSolution
		Debug|Any CPU = Debug|Any CPU
		Release|Any CPU = Release|Any CPU
	EndGlobalSection
	GlobalSection(ProjectConfigurationPlatforms) = postSolution
		{FFAB113A-0734-4861-AD0E-86FEA845E5F7}.Debug|Any CPU.ActiveCfg = Debug|Any CPU
		{FFAB113A-0734-4861-AD0E-86FEA845E5F7}.Debug|Any CPU.Build.0 = Debug|Any CPU
		{FFAB113A-0734-4861-AD0E-86FEA845E5F7}.Release|Any CPU.ActiveCfg = Release|Any CPU
		{FFAB113A-0734-4861-AD0E-86FEA845E5F7}.Release|Any CPU.Build.0 = Release|Any CPU
	EndGlobalSection
	GlobalSection(SolutionProperties) = preSolution
		HideSolutionNode = FALSE
	EndGlobalSection
	GlobalSection(ExtensibilityGlobals) = postSolution
		SolutionGuid = {EE13C07B-D868-4E6D-A2DE-9E1F3A015165}
	EndGlobalSection
EndGlobal
